
Microsoft Visual Studio Solution File, Format Version 12.00
# Visual Studio Version 17
VisualStudioVersion = 17.3.32929.385
MinimumVisualStudioVersion = 10.0.40219.1
Project("{FAE04EC0-301F-11D3-BF4B-00C04F79EFBC}") = "INF272ASSIGNMENT3", "INF272ASSIGNMENT3\INF272ASSIGNMENT3.csproj", "{D0AAE1BA-7B45-43EB-BE7F-B741EE1B2A3D}"
EndProject
Global
	GlobalSection(SolutionConfigurationPlatforms) = preSolution
		Debug|Any CPU = Debug|Any CPU
		Release|Any CPU = Release|Any CPU
	EndGlobalSection
	GlobalSection(ProjectConfigurationPlatforms) = postSolution
		{D0AAE1BA-7B45-43EB-BE7F-B741EE1B2A3D}.Debug|Any CPU.ActiveCfg = Debug|Any CPU
		{D0AAE1BA-7B45-43EB-BE7F-B741EE1B2A3D}.Debug|Any CPU.Build.0 = Debug|Any CPU
		{D0AAE1BA-7B45-43EB-BE7F-B741EE1B2A3D}.Release|Any CPU.ActiveCfg = Release|Any CPU
		{D0AAE1BA-7B45-43EB-BE7F-B741EE1B2A3D}.Release|Any CPU.Build.0 = Release|Any CPU
	EndGlobalSection
	GlobalSection(SolutionProperties) = preSolution
		HideSolutionNode = FALSE
	EndGlobalSection
	GlobalSection(ExtensibilityGlobals) = postSolution
		SolutionGuid = {C4BF5FCB-8E3A-454E-81FF-051E666A516D}
	EndGlobalSection
EndGlobal
